<?xml version="1.0" encoding="utf-8"?>
<Project ToolsVersion="4.0" xmlns="http://schemas.microsoft.com/developer/msbuild/2003">
  <ItemGroup>
    <ClCompile Include="main.cpp" />
    <ClCompile Include="stdafx.cpp" />
    <ClCompile Include="CTest.cpp" />
    <ClCompile Include="CMalloc.cpp" />
    <ClCompile Include="CTextParser.cpp" />
  </ItemGroup>
  <ItemGroup>
    <ClInclude Include="CMemoryPool.h" />
    <ClInclude Include="stdafx.h" />
    <ClInclude Include="CTest.h" />
    <ClInclude Include="CMalloc.h" />
    <ClInclude Include="CTemplateSingleton.h" />
    <ClInclude Include="CTextParser.h" />
  </ItemGroup>
</Project>